Microsoft Visual Studio Solution File, Format Version 12.00
# Visual Studio Version 17
VisualStudioVersion = 17.5.2.0
MinimumVisualStudioVersion = 10.0.40219.1
Project("{FAE04EC0-301F-11D3-BF4B-00C04F79EFBC}") = "microevaluacion", "microevaluacion.csproj", "{FC63750D-C230-259F-75BF-58E5F6BD27BE}"
EndProject
Global
	GlobalSection(SolutionConfigurationPlatforms) = preSolution
		Debug|Any CPU = Debug|Any CPU
		Release|Any CPU = Release|Any CPU
	EndGlobalSection
	GlobalSection(ProjectConfigurationPlatforms) = postSolution
		{FC63750D-C230-259F-75BF-58E5F6BD27BE}.Debug|Any CPU.ActiveCfg = Debug|Any CPU
		{FC63750D-C230-259F-75BF-58E5F6BD27BE}.Debug|Any CPU.Build.0 = Debug|Any CPU
		{FC63750D-C230-259F-75BF-58E5F6BD27BE}.Release|Any CPU.ActiveCfg = Release|Any CPU
		{FC63750D-C230-259F-75BF-58E5F6BD27BE}.Release|Any CPU.Build.0 = Release|Any CPU
	EndGlobalSection
	GlobalSection(SolutionProperties) = preSolution
		HideSolutionNode = FALSE
	EndGlobalSection
	GlobalSection(ExtensibilityGlobals) = postSolution
		SolutionGuid = {536A4B8C-43F3-43C4-BCA0-7D80C20AE9F2}
	EndGlobalSection
EndGlobal
